// !$*UTF8*$!
{
	archiveVersion = 1;
	classes = {
	};
	objectVersion = 63;
	objects = {

/* Begin PBXBuildFile section */
		485626273C2D3969F27C52FA /* Pods_NutriVibe.framework in Frameworks */ = {isa = PBXBuildFile; fileRef = 1C8BA6A27A0512F093F79ECC /* Pods_NutriVibe.framework */; };
/* End PBXBuildFile section */

/* Begin PBXContainerItemProxy section */
		DAAAA8722D45C6E4004DB208 /* PBXContainerItemProxy */ = {
			isa = PBXContainerItemProxy;
			containerPortal = DAAAA8582D45C6E2004DB208 /* Project object */;
			proxyType = 1;
			remoteGlobalIDString = DAAAA85F2D45C6E2004DB208;
			remoteInfo = NutriVibe;
		};
		DAAAA87C2D45C6E4004DB208 /* PBXContainerItemProxy */ = {
			isa = PBXContainerItemProxy;
			containerPortal = DAAAA8582D45C6E2004DB208 /* Project object */;
			proxyType = 1;
			remoteGlobalIDString = DAAAA85F2D45C6E2004DB208;
			remoteInfo = NutriVibe;
		};
/* End PBXContainerItemProxy section */

/* Begin PBXFileReference section */
		1C8BA6A27A0512F093F79ECC /* Pods_NutriVibe.framework */ = {isa = PBXFileReference; explicitFileType = wrapper.framework; includeInIndex = 0; path = Pods_NutriVibe.framework; sourceTree = BUILT_PRODUCTS_DIR; };
		5792A235E0C76553BA53D076 /* Pods-NutriVibe.release.xcconfig */ = {isa = PBXFileReference; includeInIndex = 1; lastKnownFileType = text.xcconfig; name = "Pods-NutriVibe.release.xcconfig"; path = "Target Support Files/Pods-NutriVibe/Pods-NutriVibe.release.xcconfig"; sourceTree = "<group>"; };
		BAC9AE323628EC3C68B4B843 /* Pods-NutriVibe.debug.xcconfig */ = {isa = PBXFileReference; includeInIndex = 1; lastKnownFileType = text.xcconfig; name = "Pods-NutriVibe.debug.xcconfig"; path = "Target Support Files/Pods-NutriVibe/Pods-NutriVibe.debug.xcconfig"; sourceTree = "<group>"; };
		DAAAA8602D45C6E2004DB208 /* NutriVibe.app */ = {isa = PBXFileReference; explicitFileType = wrapper.application; includeInIndex = 0; path = NutriVibe.app; sourceTree = BUILT_PRODUCTS_DIR; };
		DAAAA8712D45C6E4004DB208 /* NutriVibeTests.xctest */ = {isa = PBXFileReference; explicitFileType = wrapper.cfbundle; includeInIndex = 0; path = NutriVibeTests.xctest; sourceTree = BUILT_PRODUCTS_DIR; };
		DAAAA87B2D45C6E4004DB208 /* NutriVibeUITests.xctest */ = {isa = PBXFileReference; explicitFileType = wrapper.cfbundle; includeInIndex = 0; path = NutriVibeUITests.xctest; sourceTree = BUILT_PRODUCTS_DIR; };
/* End PBXFileReference section */

/* Begin PBXFrameworksBuildPhase section */
		DAAAA85D2D45C6E2004DB208 /* Frameworks */ = {
			isa = PBXFrameworksBuildPhase;
			buildActionMask = 2147483647;
			files = (
				485626273C2D3969F27C52FA /* Pods_NutriVibe.framework in Frameworks */,
			);
			runOnlyForDeploymentPostprocessing = 0;
		};
		DAAAA86E2D45C6E4004DB208 /* Frameworks */ = {
			isa = PBXFrameworksBuildPhase;
			buildActionMask = 2147483647;
			files = (
			);
			runOnlyForDeploymentPostprocessing = 0;
		};
		DAAAA8782D45C6E4004DB208 /* Frameworks */ = {
			isa = PBXFrameworksBuildPhase;
			buildActionMask = 2147483647;
			files = (
			);
			runOnlyForDeploymentPostprocessing = 0;
		};
/* End PBXFrameworksBuildPhase section */

/* Begin PBXGroup section */
		07681E8DC01F3A60E2B1A48E /* Pods */ = {
			isa = PBXGroup;
			children = (
				BAC9AE323628EC3C68B4B843 /* Pods-NutriVibe.debug.xcconfig */,
				5792A235E0C76553BA53D076 /* Pods-NutriVibe.release.xcconfig */,
			);
			path = Pods;
			sourceTree = "<group>";
		};
		893834BE8F0DF6B155BEED6D /* Frameworks */ = {
			isa = PBXGroup;
			children = (
				1C8BA6A27A0512F093F79ECC /* Pods_NutriVibe.framework */,
			);
			name = Frameworks;
			sourceTree = "<group>";
		};
		DAAAA8572D45C6E2004DB208 = {
			isa = PBXGroup;
			children = (
				DAAAA8622D45C6E2004DB208 /* NutriVibe */,
				DAAAA8742D45C6E4004DB208 /* NutriVibeTests */,
				DAAAA87E2D45C6E4004DB208 /* NutriVibeUITests */,
				DAAAA8612D45C6E2004DB208 /* Products */,
				07681E8DC01F3A60E2B1A48E /* Pods */,
				893834BE8F0DF6B155BEED6D /* Frameworks */,
			);
			sourceTree = "<group>";
		};
		DAAAA8612D45C6E2004DB208 /* Products */ = {
			isa = PBXGroup;
			children = (
				DAAAA8602D45C6E2004DB208 /* NutriVibe.app */,
				DAAAA8712D45C6E4004DB208 /* NutriVibeTests.xctest */,
				DAAAA87B2D45C6E4004DB208 /* NutriVibeUITests.xctest */,
			);
			name = Products;
			sourceTree = "<group>";
		};
		DAAAA8622D45C6E2004DB208 /* NutriVibe */ = {
			isa = PBXGroup;
			children = (
			);
			path = NutriVibe;
			sourceTree = "<group>";
		};
		DAAAA8742D45C6E4004DB208 /* NutriVibeTests */ = {
			isa = PBXGroup;
			children = (
			);
			path = NutriVibeTests;
			sourceTree = "<group>";
		};
		DAAAA87E2D45C6E4004DB208 /* NutriVibeUITests */ = {
			isa = PBXGroup;
			children = (
			);
			path = NutriVibeUITests;
			sourceTree = "<group>";
		};
/* End PBXGroup section */

/* Begin PBXNativeTarget section */
		DAAAA85F2D45C6E2004DB208 /* NutriVibe */ = {
			isa = PBXNativeTarget;
			buildConfigurationList = DAAAA8852D45C6E4004DB208 /* Build configuration list for PBXNativeTarget "NutriVibe" */;
			buildPhases = (
				CE6D662D0ACE53FC8822DD8D /* [CP] Check Pods Manifest.lock */,
				DAAAA85C2D45C6E2004DB208 /* Sources */,
				DAAAA85D2D45C6E2004DB208 /* Frameworks */,
				DAAAA85E2D45C6E2004DB208 /* Resources */,
				276954B19D5269C3AF52DE36 /* [CP] Embed Pods Frameworks */,
			);
			buildRules = (
			);
			dependencies = (
			);
			name = NutriVibe;
			productName = NutriVibe;
			productReference = DAAAA8602D45C6E2004DB208 /* NutriVibe.app */;
			productType = "com.apple.product-type.application";
		};
		DAAAA8702D45C6E4004DB208 /* NutriVibeTests */ = {
			isa = PBXNativeTarget;
			buildConfigurationList = DAAAA8882D45C6E4004DB208 /* Build configuration list for PBXNativeTarget "NutriVibeTests" */;
			buildPhases = (
				DAAAA86D2D45C6E4004DB208 /* Sources */,
				DAAAA86E2D45C6E4004DB208 /* Frameworks */,
				DAAAA86F2D45C6E4004DB208 /* Resources */,
			);
			buildRules = (
			);
			dependencies = (
				DAAAA8732D45C6E4004DB208 /* PBXTargetDependency */,
			);
			name = NutriVibeTests;
			productName = NutriVibeTests;
			productReference = DAAAA8712D45C6E4004DB208 /* NutriVibeTests.xctest */;
			productType = "com.apple.product-type.bundle.unit-test";
		};
		DAAAA87A2D45C6E4004DB208 /* NutriVibeUITests */ = {
			isa = PBXNativeTarget;
			buildConfigurationList = DAAAA88B2D45C6E4004DB208 /* Build configuration list for PBXNativeTarget "NutriVibeUITests" */;
			buildPhases = (
				DAAAA8772D45C6E4004DB208 /* Sources */,
				DAAAA8782D45C6E4004DB208 /* Frameworks */,
				DAAAA8792D45C6E4004DB208 /* Resources */,
			);
			buildRules = (
			);
			dependencies = (
				DAAAA87D2D45C6E4004DB208 /* PBXTargetDependency */,
			);
			name = NutriVibeUITests;
			productName = NutriVibeUITests;
			productReference = DAAAA87B2D45C6E4004DB208 /* NutriVibeUITests.xctest */;
			productType = "com.apple.product-type.bundle.ui-testing";
		};
/* End PBXNativeTarget section */

/* Begin PBXProject section */
		DAAAA8582D45C6E2004DB208 /* Project object */ = {
			isa = PBXProject;
			attributes = {
				BuildIndependentTargetsInParallel = 1;
				LastSwiftUpdateCheck = 1600;
				LastUpgradeCheck = 1600;
				TargetAttributes = {
					DAAAA85F2D45C6E2004DB208 = {
						CreatedOnToolsVersion = 16.0;
					};
					DAAAA8702D45C6E4004DB208 = {
						CreatedOnToolsVersion = 16.0;
						TestTargetID = DAAAA85F2D45C6E2004DB208;
					};
					DAAAA87A2D45C6E4004DB208 = {
						CreatedOnToolsVersion = 16.0;
						TestTargetID = DAAAA85F2D45C6E2004DB208;
					};
				};
			};
			buildConfigurationList = DAAAA85B2D45C6E2004DB208 /* Build configuration list for PBXProject "NutriVibe" */;
			compatibilityVersion = "Xcode 14.0";
			developmentRegion = en;
			hasScannedForEncodings = 0;
			knownRegions = (
				en,
				Base,
			);
			mainGroup = DAAAA8572D45C6E2004DB208;
			minimizedProjectReferenceProxies = 1;
			productRefGroup = DAAAA8612D45C6E2004DB208 /* Products */;
			projectDirPath = "";
			projectRoot = "";
			targets = (
				DAAAA85F2D45C6E2004DB208 /* NutriVibe */,
				DAAAA8702D45C6E4004DB208 /* NutriVibeTests */,
				DAAAA87A2D45C6E4004DB208 /* NutriVibeUITests */,
			);
		};
/* End PBXProject section */

/* Begin PBXResourcesBuildPhase section */
		DAAAA85E2D45C6E2004DB208 /* Resources */ = {
			isa = PBXResourcesBuildPhase;
			buildActionMask = 2147483647;
			files = (
			);
			runOnlyForDeploymentPostprocessing = 0;
		};
		DAAAA86F2D45C6E4004DB208 /* Resources */ = {
			isa = PBXResourcesBuildPhase;
			buildActionMask = 2147483647;
			files = (
			);
			runOnlyForDeploymentPostprocessing = 0;
		};
		DAAAA8792D45C6E4004DB208 /* Resources */ = {
			isa = PBXResourcesBuildPhase;
			buildActionMask = 2147483647;
			files = (
			);
			runOnlyForDeploymentPostprocessing = 0;
		};
/* End PBXResourcesBuildPhase section */

/* Begin PBXShellScriptBuildPhase section */
		276954B19D5269C3AF52DE36 /* [CP] Embed Pods Frameworks */ = {
			isa = PBXShellScriptBuildPhase;
			buildActionMask = 2147483647;
			files = (
			);
			inputFileListPaths = (
				"${PODS_ROOT}/Target Support Files/Pods-NutriVibe/Pods-NutriVibe-frameworks-${CONFIGURATION}-input-files.xcfilelist",
			);
			name = "[CP] Embed Pods Frameworks";
			outputFileListPaths = (
				"${PODS_ROOT}/Target Support Files/Pods-NutriVibe/Pods-NutriVibe-frameworks-${CONFIGURATION}-output-files.xcfilelist",
			);
			runOnlyForDeploymentPostprocessing = 0;
			shellPath = /bin/sh;
			shellScript = "\"${PODS_ROOT}/Target Support Files/Pods-NutriVibe/Pods-NutriVibe-frameworks.sh\"\n";
			showEnvVarsInLog = 0;
		};
		CE6D662D0ACE53FC8822DD8D /* [CP] Check Pods Manifest.lock */ = {
			isa = PBXShellScriptBuildPhase;
			buildActionMask = 2147483647;
			files = (
			);
			inputFileListPaths = (
			);
			inputPaths = (
				"${PODS_PODFILE_DIR_PATH}/Podfile.lock",
				"${PODS_ROOT}/Manifest.lock",
			);
			name = "[CP] Check Pods Manifest.lock";
			outputFileListPaths = (
			);
			outputPaths = (
				"$(DERIVED_FILE_DIR)/Pods-NutriVibe-checkManifestLockResult.txt",
			);
			runOnlyForDeploymentPostprocessing = 0;
			shellPath = /bin/sh;
			shellScript = "diff \"${PODS_PODFILE_DIR_PATH}/Podfile.lock\" \"${PODS_ROOT}/Manifest.lock\" > /dev/null\nif [ $? != 0 ] ; then\n    # print error to STDERR\n    echo \"error: The sandbox is not in sync with the Podfile.lock. Run 'pod install' or update your CocoaPods installation.\" >&2\n    exit 1\nfi\n# This output is used by Xcode 'outputs' to avoid re-running this script phase.\necho \"SUCCESS\" > \"${SCRIPT_OUTPUT_FILE_0}\"\n";
			showEnvVarsInLog = 0;
		};
/* End PBXShellScriptBuildPhase section */

/* Begin PBXSourcesBuildPhase section */
		DAAAA85C2D45C6E2004DB208 /* Sources */ = {
			isa = PBXSourcesBuildPhase;
			buildActionMask = 2147483647;
			files = (
			);
			runOnlyForDeploymentPostprocessing = 0;
		};
		DAAAA86D2D45C6E4004DB208 /* Sources */ = {
			isa = PBXSourcesBuildPhase;
			buildActionMask = 2147483647;
			files = (
			);
			runOnlyForDeploymentPostprocessing = 0;
		};
		DAAAA8772D45C6E4004DB208 /* Sources */ = {
			isa = PBXSourcesBuildPhase;
			buildActionMask = 2147483647;
			files = (
			);
			runOnlyForDeploymentPostprocessing = 0;
		};
/* End PBXSourcesBuildPhase section */

/* Begin PBXTargetDependency section */
		DAAAA8732D45C6E4004DB208 /* PBXTargetDependency */ = {
			isa = PBXTargetDependency;
			target = DAAAA85F2D45C6E2004DB208 /* NutriVibe */;
			targetProxy = DAAAA8722D45C6E4004DB208 /* PBXContainerItemProxy */;
		};
		DAAAA87D2D45C6E4004DB208 /* PBXTargetDependency */ = {
			isa = PBXTargetDependency;
			target = DAAAA85F2D45C6E2004DB208 /* NutriVibe */;
			targetProxy = DAAAA87C2D45C6E4004DB208 /* PBXContainerItemProxy */;
		};
/* End PBXTargetDependency section */

/* Begin XCBuildConfiguration section */
		DAAAA8832D45C6E4004DB208 /* Debug */ = {
			isa = XCBuildConfiguration;
			buildSettings = {
				ALWAYS_SEARCH_USER_PATHS = NO;
				ASSETCATALOG_COMPILER_GENERATE_SWIFT_ASSET_SYMBOL_EXTENSIONS = YES;
				CLANG_ANALYZER_NONNULL = YES;
				CLANG_ANALYZER_NUMBER_OBJECT_CONVERSION = YES_AGGRESSIVE;
				CLANG_CXX_LANGUAGE_STANDARD = "gnu++20";
				CLANG_ENABLE_MODULES = YES;
				CLANG_ENABLE_OBJC_ARC = YES;
				CLANG_ENABLE_OBJC_WEAK = YES;
				CLANG_WARN_BLOCK_CAPTURE_AUTORELEASING = YES;
				CLANG_WARN_BOOL_CONVERSION = YES;
				CLANG_WARN_COMMA = YES;
				CLANG_WARN_CONSTANT_CONVERSION = YES;
				CLANG_WARN_DEPRECATED_OBJC_IMPLEMENTATIONS = YES;
				CLANG_WARN_DIRECT_OBJC_ISA_USAGE = YES_ERROR;
				CLANG_WARN_DOCUMENTATION_COMMENTS = YES;
				CLANG_WARN_EMPTY_BODY = YES;
				CLANG_WARN_ENUM_CONVERSION = YES;
				CLANG_WARN_INFINITE_RECURSION = YES;
				CLANG_WARN_INT_CONVERSION = YES;
				CLANG_WARN_NON_LITERAL_NULL_CONVERSION = YES;
				CLANG_WARN_OBJC_IMPLICIT_RETAIN_SELF = YES;
				CLANG_WARN_OBJC_LITERAL_CONVERSION = YES;
				CLANG_WARN_OBJC_ROOT_CLASS = YES_ERROR;
				CLANG_WARN_QUOTED_INCLUDE_IN_FRAMEWORK_HEADER = YES;
				CLANG_WARN_RANGE_LOOP_ANALYSIS = YES;
				CLANG_WARN_STRICT_PROTOTYPES = YES;
				CLANG_WARN_SUSPICIOUS_MOVE = YES;
				CLANG_WARN_UNGUARDED_AVAILABILITY = YES_AGGRESSIVE;
				CLANG_WARN_UNREACHABLE_CODE = YES;
				CLANG_WARN__DUPLICATE_METHOD_MATCH = YES;
				COPY_PHASE_STRIP = NO;
				DEBUG_INFORMATION_FORMAT = dwarf;
				ENABLE_STRICT_OBJC_MSGSEND = YES;
				ENABLE_TESTABILITY = YES;
				ENABLE_USER_SCRIPT_SANDBOXING = YES;
				GCC_C_LANGUAGE_STANDARD = gnu17;
				GCC_DYNAMIC_NO_PIC = NO;
				GCC_NO_COMMON_BLOCKS = YES;
				GCC_OPTIMIZATION_LEVEL = 0;
				GCC_PREPROCESSOR_DEFINITIONS = (
					"DEBUG=1",
					"$(inherited)",
				);
				GCC_WARN_64_TO_32_BIT_CONVERSION = YES;
				GCC_WARN_ABOUT_RETURN_TYPE = YES_ERROR;
				GCC_WARN_UNDECLARED_SELECTOR = YES;
				GCC_WARN_UNINITIALIZED_AUTOS = YES_AGGRESSIVE;
				GCC_WARN_UNUSED_FUNCTION = YES;
				GCC_WARN_UNUSED_VARIABLE = YES;
				LOCALIZATION_PREFERS_STRING_CATALOGS = YES;
				MTL_ENABLE_DEBUG_INFO = INCLUDE_SOURCE;
				MTL_FAST_MATH = YES;
				ONLY_ACTIVE_ARCH = YES;
				SWIFT_ACTIVE_COMPILATION_CONDITIONS = "DEBUG $(inherited)";
				SWIFT_OPTIMIZATION_LEVEL = "-Onone";
			};
			name = Debug;
		};
		DAAAA8842D45C6E4004DB208 /* Release */ = {
			isa = XCBuildConfiguration;
			buildSettings = {
				ALWAYS_SEARCH_USER_PATHS = NO;
				ASSETCATALOG_COMPILER_GENERATE_SWIFT_ASSET_SYMBOL_EXTENSIONS = YES;
				CLANG_ANALYZER_NONNULL = YES;
				CLANG_ANALYZER_NUMBER_OBJECT_CONVERSION = YES_AGGRESSIVE;
				CLANG_CXX_LANGUAGE_STANDARD = "gnu++20";
				CLANG_ENABLE_MODULES = YES;
				CLANG_ENABLE_OBJC_ARC = YES;
				CLANG_ENABLE_OBJC_WEAK = YES;
				CLANG_WARN_BLOCK_CAPTURE_AUTORELEASING = YES;
				CLANG_WARN_BOOL_CONVERSION = YES;
				CLANG_WARN_COMMA = YES;
				CLANG_WARN_CONSTANT_CONVERSION = YES;
				CLANG_WARN_DEPRECATED_OBJC_IMPLEMENTATIONS = YES;
				CLANG_WARN_DIRECT_OBJC_ISA_USAGE = YES_ERROR;
				CLANG_WARN_DOCUMENTATION_COMMENTS = YES;
				CLANG_WARN_EMPTY_BODY = YES;
				CLANG_WARN_ENUM_CONVERSION = YES;
				CLANG_WARN_INFINITE_RECURSION = YES;
				CLANG_WARN_INT_CONVERSION = YES;
				CLANG_WARN_NON_LITERAL_NULL_CONVERSION = YES;
				CLANG_WARN_OBJC_IMPLICIT_RETAIN_SELF = YES;
				CLANG_WARN_OBJC_LITERAL_CONVERSION = YES;
				CLANG_WARN_OBJC_ROOT_CLASS = YES_ERROR;
				CLANG_WARN_QUOTED_INCLUDE_IN_FRAMEWORK_HEADER = YES;
				CLANG_WARN_RANGE_LOOP_ANALYSIS = YES;
				CLANG_WARN_STRICT_PROTOTYPES = YES;
				CLANG_WARN_SUSPICIOUS_MOVE = YES;
				CLANG_WARN_UNGUARDED_AVAILABILITY = YES_AGGRESSIVE;
				CLANG_WARN_UNREACHABLE_CODE = YES;
				CLANG_WARN__DUPLICATE_METHOD_MATCH = YES;
				COPY_PHASE_STRIP = NO;
				DEBUG_INFORMATION_FORMAT = "dwarf-with-dsym";
				ENABLE_NS_ASSERTIONS = NO;
				ENABLE_STRICT_OBJC_MSGSEND = YES;
				ENABLE_USER_SCRIPT_SANDBOXING = YES;
				GCC_C_LANGUAGE_STANDARD = gnu17;
				GCC_NO_COMMON_BLOCKS = YES;
				GCC_WARN_64_TO_32_BIT_CONVERSION = YES;
				GCC_WARN_ABOUT_RETURN_TYPE = YES_ERROR;
				GCC_WARN_UNDECLARED_SELECTOR = YES;
				GCC_WARN_UNINITIALIZED_AUTOS = YES_AGGRESSIVE;
				GCC_WARN_UNUSED_FUNCTION = YES;
				GCC_WARN_UNUSED_VARIABLE = YES;
				LOCALIZATION_PREFERS_STRING_CATALOGS = YES;
				MTL_ENABLE_DEBUG_INFO = NO;
				MTL_FAST_MATH = YES;
				SWIFT_COMPILATION_MODE = wholemodule;
			};
			name = Release;
		};
		DAAAA8862D45C6E4004DB208 /* Debug */ = {
			isa = XCBuildConfiguration;
			baseConfigurationReference = BAC9AE323628EC3C68B4B843 /* Pods-NutriVibe.debug.xcconfig */;
			buildSettings = {
				ASSETCATALOG_COMPILER_APPICON_NAME = AppIcon;
				ASSETCATALOG_COMPILER_GLOBAL_ACCENT_COLOR_NAME = AccentColor;
				CODE_SIGN_ENTITLEMENTS = NutriVibe/NutriVibe.entitlements;
				CODE_SIGN_STYLE = Automatic;
				CURRENT_PROJECT_VERSION = 1;
				DEVELOPMENT_ASSET_PATHS = "\"NutriVibe/Preview Content\"";
				DEVELOPMENT_TEAM = QFQW29JWKY;
				ENABLE_HARDENED_RUNTIME = YES;
				ENABLE_PREVIEWS = YES;
				GENERATE_INFOPLIST_FILE = YES;
				"INFOPLIST_KEY_UIApplicationSceneManifest_Generation[sdk=iphoneos*]" = YES;
				"INFOPLIST_KEY_UIApplicationSceneManifest_Generation[sdk=iphonesimulator*]" = YES;
				"INFOPLIST_KEY_UIApplicationSupportsIndirectInputEvents[sdk=iphoneos*]" = YES;
				"INFOPLIST_KEY_UIApplicationSupportsIndirectInputEvents[sdk=iphonesimulator*]" = YES;
				"INFOPLIST_KEY_UILaunchScreen_Generation[sdk=iphoneos*]" = YES;
				"INFOPLIST_KEY_UILaunchScreen_Generation[sdk=iphonesimulator*]" = YES;
				"INFOPLIST_KEY_UIStatusBarStyle[sdk=iphoneos*]" = UIStatusBarStyleDefault;
				"INFOPLIST_KEY_UIStatusBarStyle[sdk=iphonesimulator*]" = UIStatusBarStyleDefault;
				INFOPLIST_KEY_UISupportedInterfaceOrientations_iPad = "UIInterfaceOrientationPortrait UIInterfaceOrientationPortraitUpsideDown UIInterfaceOrientationLandscapeLeft UIInterfaceOrientationLandscapeRight";
				INFOPLIST_KEY_UISupportedInterfaceOrientations_iPhone = "UIInterfaceOrientationPortrait UIInterfaceOrientationLandscapeLeft UIInterfaceOrientationLandscapeRight";
				IPHONEOS_DEPLOYMENT_TARGET = 18.0;
				LD_RUNPATH_SEARCH_PATHS = (
					"$(inherited)",
					"@executable_path/Frameworks",
				);
				"LD_RUNPATH_SEARCH_PATHS[sdk=macosx*]" = (
					"$(inherited)",
					"@executable_path/Frameworks",
				);
				MACOSX_DEPLOYMENT_TARGET = 15.0;
				MARKETING_VERSION = 1.0;
				PRODUCT_BUNDLE_IDENTIFIER = com.davalcato.NutriVibe;
				PRODUCT_NAME = "$(TARGET_NAME)";
				SDKROOT = auto;
				SUPPORTED_PLATFORMS = "iphoneos iphonesimulator macosx xros xrsimulator";
				SWIFT_EMIT_LOC_STRINGS = YES;
				SWIFT_VERSION = 5.0;
				TARGETED_DEVICE_FAMILY = "1,2,7";
				XROS_DEPLOYMENT_TARGET = 2.0;
			};
			name = Debug;
		};
		DAAAA8872D45C6E4004DB208 /* Release */ = {
			isa = XCBuildConfiguration;
			baseConfigurationReference = 5792A235E0C76553BA53D076 /* Pods-NutriVibe.release.xcconfig */;
			buildSettings = {
				ASSETCATALOG_COMPILER_APPICON_NAME = AppIcon;
				ASSETCATALOG_COMPILER_GLOBAL_ACCENT_COLOR_NAME = AccentColor;
				CODE_SIGN_ENTITLEMENTS = NutriVibe/NutriVibe.entitlements;
				CODE_SIGN_STYLE = Automatic;
				CURRENT_PROJECT_VERSION = 1;
				DEVELOPMENT_ASSET_PATHS = "\"NutriVibe/Preview Content\"";
				DEVELOPMENT_TEAM = QFQW29JWKY;
				ENABLE_HARDENED_RUNTIME = YES;
				ENABLE_PREVIEWS = YES;
				GENERATE_INFOPLIST_FILE = YES;
				"INFOPLIST_KEY_UIApplicationSceneManifest_Generation[sdk=iphoneos*]" = YES;
				"INFOPLIST_KEY_UIApplicationSceneManifest_Generation[sdk=iphonesimulator*]" = YES;
				"INFOPLIST_KEY_UIApplicationSupportsIndirectInputEvents[sdk=iphoneos*]" = YES;
				"INFOPLIST_KEY_UIApplicationSupportsIndirectInputEvents[sdk=iphonesimulator*]" = YES;
				"INFOPLIST_KEY_UILaunchScreen_Generation[sdk=iphoneos*]" = YES;
				"INFOPLIST_KEY_UILaunchScreen_Generation[sdk=iphonesimulator*]" = YES;
				"INFOPLIST_KEY_UIStatusBarStyle[sdk=iphoneos*]" = UIStatusBarStyleDefault;
				"INFOPLIST_KEY_UIStatusBarStyle[sdk=iphonesimulator*]" = UIStatusBarStyleDefault;
				INFOPLIST_KEY_UISupportedInterfaceOrientations_iPad = "UIInterfaceOrientationPortrait UIInterfaceOrientationPortraitUpsideDown UIInterfaceOrientationLandscapeLeft UIInterfaceOrientationLandscapeRight";
				INFOPLIST_KEY_UISupportedInterfaceOrientations_iPhone = "UIInterfaceOrientationPortrait UIInterfaceOrientationLandscapeLeft UIInterfaceOrientationLandscapeRight";
				IPHONEOS_DEPLOYMENT_TARGET = 18.0;
				LD_RUNPATH_SEARCH_PATHS = (
					"$(inherited)",
					"@executable_path/Frameworks\"",
				);
				"LD_RUNPATH_SEARCH_PATHS[sdk=macosx*]" = (
					"$(inherited)",
					"@executable_path/Frameworks\"",
				);
				MACOSX_DEPLOYMENT_TARGET = 15.0;
				MARKETING_VERSION = 1.0;
				PRODUCT_BUNDLE_IDENTIFIER = com.davalcato.NutriVibe;
				PRODUCT_NAME = "$(TARGET_NAME)";
				SDKROOT = auto;
				SUPPORTED_PLATFORMS = "iphoneos iphonesimulator macosx xros xrsimulator";
				SWIFT_EMIT_LOC_STRINGS = YES;
				SWIFT_VERSION = 5.0;
				TARGETED_DEVICE_FAMILY = "1,2,7";
				XROS_DEPLOYMENT_TARGET = 2.0;
			};
			name = Release;
		};
		DAAAA8892D45C6E4004DB208 /* Debug */ = {
			isa = XCBuildConfiguration;
			buildSettings = {
				BUNDLE_LOADER = "$(TEST_HOST)";
				CODE_SIGN_STYLE = Automatic;
				CURRENT_PROJECT_VERSION = 1;
				DEVELOPMENT_TEAM = QFQW29JWKY;
				GENERATE_INFOPLIST_FILE = YES;
				IPHONEOS_DEPLOYMENT_TARGET = 18.0;
				MACOSX_DEPLOYMENT_TARGET = 15.0;
				MARKETING_VERSION = 1.0;
				PRODUCT_BUNDLE_IDENTIFIER = com.davalcato.NutriVibeTests;
				PRODUCT_NAME = "$(TARGET_NAME)";
				SDKROOT = auto;
				SUPPORTED_PLATFORMS = "iphoneos iphonesimulator macosx xros xrsimulator";
				SWIFT_EMIT_LOC_STRINGS = NO;
				SWIFT_VERSION = 5.0;
				TARGETED_DEVICE_FAMILY = "1,2,7";
				TEST_HOST = "$(BUILT_PRODUCTS_DIR)/NutriVibe.app/$(BUNDLE_EXECUTABLE_FOLDER_PATH)/NutriVibe";
				XROS_DEPLOYMENT_TARGET = 2.0;
			};
			name = Debug;
		};
		DAAAA88A2D45C6E4004DB208 /* Release */ = {
			isa = XCBuildConfiguration;
			buildSettings = {
				BUNDLE_LOADER = "$(TEST_HOST)";
				CODE_SIGN_STYLE = Automatic;
				CURRENT_PROJECT_VERSION = 1;
				DEVELOPMENT_TEAM = QFQW29JWKY;
				GENERATE_INFOPLIST_FILE = YES;
				IPHONEOS_DEPLOYMENT_TARGET = 18.0;
				MACOSX_DEPLOYMENT_TARGET = 15.0;
				MARKETING_VERSION = 1.0;
				PRODUCT_BUNDLE_IDENTIFIER = com.davalcato.NutriVibeTests;
				PRODUCT_NAME = "$(TARGET_NAME)";
				SDKROOT = auto;
				SUPPORTED_PLATFORMS = "iphoneos iphonesimulator macosx xros xrsimulator";
				SWIFT_EMIT_LOC_STRINGS = NO;
				SWIFT_VERSION = 5.0;
				TARGETED_DEVICE_FAMILY = "1,2,7";
				TEST_HOST = "$(BUILT_PRODUCTS_DIR)/NutriVibe.app/$(BUNDLE_EXECUTABLE_FOLDER_PATH)/NutriVibe";
				XROS_DEPLOYMENT_TARGET = 2.0;
			};
			name = Release;
		};
		DAAAA88C2D45C6E4004DB208 /* Debug */ = {
			isa = XCBuildConfiguration;
			buildSettings = {
				CODE_SIGN_STYLE = Automatic;
				CURRENT_PROJECT_VERSION = 1;
				DEVELOPMENT_TEAM = QFQW29JWKY;
				GENERATE_INFOPLIST_FILE = YES;
				IPHONEOS_DEPLOYMENT_TARGET = 18.0;
				MACOSX_DEPLOYMENT_TARGET = 15.0;
				MARKETING_VERSION = 1.0;
				PRODUCT_BUNDLE_IDENTIFIER = com.davalcato.NutriVibeUITests;
				PRODUCT_NAME = "$(TARGET_NAME)";
				SDKROOT = auto;
				SUPPORTED_PLATFORMS = "iphoneos iphonesimulator macosx xros xrsimulator";
				SWIFT_EMIT_LOC_STRINGS = NO;
				SWIFT_VERSION = 5.0;
				TARGETED_DEVICE_FAMILY = "1,2,7";
				TEST_TARGET_NAME = NutriVibe;
				XROS_DEPLOYMENT_TARGET = 2.0;
			};
			name = Debug;
		};
		DAAAA88D2D45C6E4004DB208 /* Release */ = {
			isa = XCBuildConfiguration;
			buildSettings = {
				CODE_SIGN_STYLE = Automatic;
				CURRENT_PROJECT_VERSION = 1;
				DEVELOPMENT_TEAM = QFQW29JWKY;
				GENERATE_INFOPLIST_FILE = YES;
				IPHONEOS_DEPLOYMENT_TARGET = 18.0;
				MACOSX_DEPLOYMENT_TARGET = 15.0;
				MARKETING_VERSION = 1.0;
				PRODUCT_BUNDLE_IDENTIFIER = com.davalcato.NutriVibeUITests;
				PRODUCT_NAME = "$(TARGET_NAME)";
				SDKROOT = auto;
				SUPPORTED_PLATFORMS = "iphoneos iphonesimulator macosx xros xrsimulator";
				SWIFT_EMIT_LOC_STRINGS = NO;
				SWIFT_VERSION = 5.0;
				TARGETED_DEVICE_FAMILY = "1,2,7";
				TEST_TARGET_NAME = NutriVibe;
				XROS_DEPLOYMENT_TARGET = 2.0;
			};
			name = Release;
		};
/* End XCBuildConfiguration section */

/* Begin XCConfigurationList section */
		DAAAA85B2D45C6E2004DB208 /* Build configuration list for PBXProject "NutriVibe" */ = {
			isa = XCConfigurationList;
			buildConfigurations = (
				DAAAA8832D45C6E4004DB208 /* Debug */,
				DAAAA8842D45C6E4004DB208 /* Release */,
			);
			defaultConfigurationIsVisible = 0;
			defaultConfigurationName = Release;
		};
		DAAAA8852D45C6E4004DB208 /* Build configuration list for PBXNativeTarget "NutriVibe" */ = {
			isa = XCConfigurationList;
			buildConfigurations = (
				DAAAA8862D45C6E4004DB208 /* Debug */,
				DAAAA8872D45C6E4004DB208 /* Release */,
			);
			defaultConfigurationIsVisible = 0;
			defaultConfigurationName = Release;
		};
		DAAAA8882D45C6E4004DB208 /* Build configuration list for PBXNativeTarget "NutriVibeTests" */ = {
			isa = XCConfigurationList;
			buildConfigurations = (
				DAAAA8892D45C6E4004DB208 /* Debug */,
				DAAAA88A2D45C6E4004DB208 /* Release */,
			);
			defaultConfigurationIsVisible = 0;
			defaultConfigurationName = Release;
		};
		DAAAA88B2D45C6E4004DB208 /* Build configuration list for PBXNativeTarget "NutriVibeUITests" */ = {
			isa = XCConfigurationList;
			buildConfigurations = (
				DAAAA88C2D45C6E4004DB208 /* Debug */,
				DAAAA88D2D45C6E4004DB208 /* Release */,
			);
			defaultConfigurationIsVisible = 0;
			defaultConfigurationName = Release;
		};
/* End XCConfigurationList section */
	};
	rootObject = DAAAA8582D45C6E2004DB208 /* Project object */;
}
